
Microsoft Visual Studio Solution File, Format Version 12.00
# Visual Studio Version 16
VisualStudioVersion = 16.0.31321.278
MinimumVisualStudioVersion = 10.0.40219.1
Project("{FAE04EC0-301F-11D3-BF4B-00C04F79EFBC}") = "KomodoInsurance_POCOs", "KomodoInsurance_Repository1\KomodoInsurance_POCOs.csproj", "{729F0616-B1B8-4653-A1C2-A02DA06E1622}"
EndProject
Project("{9A19103F-16F7-4668-BE54-9A1E7A4F7556}") = "ConsoleApp1", "ConsoleApp1\ConsoleApp1.csproj", "{16BC958F-2FAD-4F20-A7E4-5E087F2DB5D9}"
EndProject
Project("{FAE04EC0-301F-11D3-BF4B-00C04F79EFBC}") = "RepositoryPattern_Tests", "RepositoryPattern_Tests\RepositoryPattern_Tests.csproj", "{131388B7-D043-4261-9DD3-5A7F0D3BC395}"
EndProject
Global
	GlobalSection(SolutionConfigurationPlatforms) = preSolution
		Debug|Any CPU = Debug|Any CPU
		Release|Any CPU = Release|Any CPU
	EndGlobalSection
	GlobalSection(ProjectConfigurationPlatforms) = postSolution
		{729F0616-B1B8-4653-A1C2-A02DA06E1622}.Debug|Any CPU.ActiveCfg = Debug|Any CPU
		{729F0616-B1B8-4653-A1C2-A02DA06E1622}.Debug|Any CPU.Build.0 = Debug|Any CPU
		{729F0616-B1B8-4653-A1C2-A02DA06E1622}.Release|Any CPU.ActiveCfg = Release|Any CPU
		{729F0616-B1B8-4653-A1C2-A02DA06E1622}.Release|Any CPU.Build.0 = Release|Any CPU
		{16BC958F-2FAD-4F20-A7E4-5E087F2DB5D9}.Debug|Any CPU.ActiveCfg = Debug|Any CPU
		{16BC958F-2FAD-4F20-A7E4-5E087F2DB5D9}.Debug|Any CPU.Build.0 = Debug|Any CPU
		{16BC958F-2FAD-4F20-A7E4-5E087F2DB5D9}.Release|Any CPU.ActiveCfg = Release|Any CPU
		{16BC958F-2FAD-4F20-A7E4-5E087F2DB5D9}.Release|Any CPU.Build.0 = Release|Any CPU
		{131388B7-D043-4261-9DD3-5A7F0D3BC395}.Debug|Any CPU.ActiveCfg = Debug|Any CPU
		{131388B7-D043-4261-9DD3-5A7F0D3BC395}.Debug|Any CPU.Build.0 = Debug|Any CPU
		{131388B7-D043-4261-9DD3-5A7F0D3BC395}.Release|Any CPU.ActiveCfg = Release|Any CPU
		{131388B7-D043-4261-9DD3-5A7F0D3BC395}.Release|Any CPU.Build.0 = Release|Any CPU
	EndGlobalSection
	GlobalSection(SolutionProperties) = preSolution
		HideSolutionNode = FALSE
	EndGlobalSection
	GlobalSection(ExtensibilityGlobals) = postSolution
		SolutionGuid = {05997F74-A71C-4ACF-8581-5187CF8E5284}
	EndGlobalSection
EndGlobal
